
Microsoft Visual Studio Solution File, Format Version 12.00
Project("{FAE04EC0-301F-11D3-BF4B-00C04F79EFBC}") = "SwtorLogParser", "SwtorLogParser\SwtorLogParser.csproj", "{1BC9AF8C-365A-45A0-81A8-0A7773B54796}"
EndProject
Project("{FAE04EC0-301F-11D3-BF4B-00C04F79EFBC}") = "SwtorLogParser.Tests", "SwtorLogParser.Tests\SwtorLogParser.Tests.csproj", "{1309B620-5EF4-4C98-BC66-539487C8AE8C}"
EndProject
Project("{FAE04EC0-301F-11D3-BF4B-00C04F79EFBC}") = "SwtorLogParser.Console", "SwtorLogParser.Console\SwtorLogParser.Console.csproj", "{113FFF0C-D3EA-4D6C-B0AD-9DC5DC7F5D5E}"
EndProject
Global
	GlobalSection(SolutionConfigurationPlatforms) = preSolution
		Debug|Any CPU = Debug|Any CPU
		Release|Any CPU = Release|Any CPU
	EndGlobalSection
	GlobalSection(ProjectConfigurationPlatforms) = postSolution
		{1BC9AF8C-365A-45A0-81A8-0A7773B54796}.Debug|Any CPU.ActiveCfg = Debug|Any CPU
		{1BC9AF8C-365A-45A0-81A8-0A7773B54796}.Debug|Any CPU.Build.0 = Debug|Any CPU
		{1BC9AF8C-365A-45A0-81A8-0A7773B54796}.Release|Any CPU.ActiveCfg = Release|Any CPU
		{1BC9AF8C-365A-45A0-81A8-0A7773B54796}.Release|Any CPU.Build.0 = Release|Any CPU
		{1309B620-5EF4-4C98-BC66-539487C8AE8C}.Debug|Any CPU.ActiveCfg = Debug|Any CPU
		{1309B620-5EF4-4C98-BC66-539487C8AE8C}.Debug|Any CPU.Build.0 = Debug|Any CPU
		{1309B620-5EF4-4C98-BC66-539487C8AE8C}.Release|Any CPU.ActiveCfg = Release|Any CPU
		{1309B620-5EF4-4C98-BC66-539487C8AE8C}.Release|Any CPU.Build.0 = Release|Any CPU
		{113FFF0C-D3EA-4D6C-B0AD-9DC5DC7F5D5E}.Debug|Any CPU.ActiveCfg = Debug|Any CPU
		{113FFF0C-D3EA-4D6C-B0AD-9DC5DC7F5D5E}.Debug|Any CPU.Build.0 = Debug|Any CPU
		{113FFF0C-D3EA-4D6C-B0AD-9DC5DC7F5D5E}.Release|Any CPU.ActiveCfg = Release|Any CPU
		{113FFF0C-D3EA-4D6C-B0AD-9DC5DC7F5D5E}.Release|Any CPU.Build.0 = Release|Any CPU
	EndGlobalSection
EndGlobal
